
Microsoft Visual Studio Solution File, Format Version 12.00
# Visual Studio 15
VisualStudioVersion = 15.0.28307.136
MinimumVisualStudioVersion = 10.0.40219.1
Project("{FAE04EC0-301F-11D3-BF4B-00C04F79EFBC}") = "Unicab.Web", "Unicab.Web\Unicab.Web.csproj", "{F55E93D0-7C01-4036-8010-C2C7E40FAB85}"
EndProject
Global
	GlobalSection(SolutionConfigurationPlatforms) = preSolution
		Debug|Any CPU = Debug|Any CPU
		Release|Any CPU = Release|Any CPU
	EndGlobalSection
	GlobalSection(ProjectConfigurationPlatforms) = postSolution
		{F55E93D0-7C01-4036-8010-C2C7E40FAB85}.Debug|Any CPU.ActiveCfg = Debug|Any CPU
		{F55E93D0-7C01-4036-8010-C2C7E40FAB85}.Debug|Any CPU.Build.0 = Debug|Any CPU
		{F55E93D0-7C01-4036-8010-C2C7E40FAB85}.Release|Any CPU.ActiveCfg = Release|Any CPU
		{F55E93D0-7C01-4036-8010-C2C7E40FAB85}.Release|Any CPU.Build.0 = Release|Any CPU
	EndGlobalSection
	GlobalSection(SolutionProperties) = preSolution
		HideSolutionNode = FALSE
	EndGlobalSection
	GlobalSection(ExtensibilityGlobals) = postSolution
		SolutionGuid = {0C673F52-4067-403B-9EEF-36A34B9B08A2}
	EndGlobalSection
EndGlobal
