
Microsoft Visual Studio Solution File, Format Version 12.00
# Visual Studio 15
VisualStudioVersion = 15.0.28307.136
MinimumVisualStudioVersion = 10.0.40219.1
Project("{FAE04EC0-301F-11D3-BF4B-00C04F79EFBC}") = "Unicab.App.Android", "Unicab.App\Unicab.App.Android\Unicab.App.Android.csproj", "{8BDB01BA-2E53-46A4-BD31-B4D2C06B5A83}"
EndProject
Project("{FAE04EC0-301F-11D3-BF4B-00C04F79EFBC}") = "Unicab.App.iOS", "Unicab.App\Unicab.App.iOS\Unicab.App.iOS.csproj", "{F048D83C-A68E-48DB-8BBD-08BF095F6AC9}"
EndProject
Project("{FAE04EC0-301F-11D3-BF4B-00C04F79EFBC}") = "Unicab.App", "Unicab.App\Unicab.App\Unicab.App.csproj", "{1C4DADC0-2FC0-4859-AED5-79F67B652436}"
EndProject
Global
	GlobalSection(SolutionConfigurationPlatforms) = preSolution
		Ad-Hoc|Any CPU = Ad-Hoc|Any CPU
		Ad-Hoc|iPhone = Ad-Hoc|iPhone
		Ad-Hoc|iPhoneSimulator = Ad-Hoc|iPhoneSimulator
		AppStore|Any CPU = AppStore|Any CPU
		AppStore|iPhone = AppStore|iPhone
		AppStore|iPhoneSimulator = AppStore|iPhoneSimulator
		Debug|Any CPU = Debug|Any CPU
		Debug|iPhone = Debug|iPhone
		Debug|iPhoneSimulator = Debug|iPhoneSimulator
		Release|Any CPU = Release|Any CPU
		Release|iPhone = Release|iPhone
		Release|iPhoneSimulator = Release|iPhoneSimulator
	EndGlobalSection
	GlobalSection(ProjectConfigurationPlatforms) = postSolution
		{8BDB01BA-2E53-46A4-BD31-B4D2C06B5A83}.Ad-Hoc|Any CPU.ActiveCfg = Release|Any CPU
		{8BDB01BA-2E53-46A4-BD31-B4D2C06B5A83}.Ad-Hoc|Any CPU.Build.0 = Release|Any CPU
		{8BDB01BA-2E53-46A4-BD31-B4D2C06B5A83}.Ad-Hoc|Any CPU.Deploy.0 = Release|Any CPU
		{8BDB01BA-2E53-46A4-BD31-B4D2C06B5A83}.Ad-Hoc|iPhone.ActiveCfg = Release|Any CPU
		{8BDB01BA-2E53-46A4-BD31-B4D2C06B5A83}.Ad-Hoc|iPhone.Build.0 = Release|Any CPU
		{8BDB01BA-2E53-46A4-BD31-B4D2C06B5A83}.Ad-Hoc|iPhone.Deploy.0 = Release|Any CPU
		{8BDB01BA-2E53-46A4-BD31-B4D2C06B5A83}.Ad-Hoc|iPhoneSimulator.ActiveCfg = Release|Any CPU
		{8BDB01BA-2E53-46A4-BD31-B4D2C06B5A83}.Ad-Hoc|iPhoneSimulator.Build.0 = Release|Any CPU
		{8BDB01BA-2E53-46A4-BD31-B4D2C06B5A83}.Ad-Hoc|iPhoneSimulator.Deploy.0 = Release|Any CPU
		{8BDB01BA-2E53-46A4-BD31-B4D2C06B5A83}.AppStore|Any CPU.ActiveCfg = Release|Any CPU
		{8BDB01BA-2E53-46A4-BD31-B4D2C06B5A83}.AppStore|Any CPU.Build.0 = Release|Any CPU
		{8BDB01BA-2E53-46A4-BD31-B4D2C06B5A83}.AppStore|Any CPU.Deploy.0 = Release|Any CPU
		{8BDB01BA-2E53-46A4-BD31-B4D2C06B5A83}.AppStore|iPhone.ActiveCfg = Release|Any CPU
		{8BDB01BA-2E53-46A4-BD31-B4D2C06B5A83}.AppStore|iPhone.Build.0 = Release|Any CPU
		{8BDB01BA-2E53-46A4-BD31-B4D2C06B5A83}.AppStore|iPhone.Deploy.0 = Release|Any CPU
		{8BDB01BA-2E53-46A4-BD31-B4D2C06B5A83}.AppStore|iPhoneSimulator.ActiveCfg = Release|Any CPU
		{8BDB01BA-2E53-46A4-BD31-B4D2C06B5A83}.AppStore|iPhoneSimulator.Build.0 = Release|Any CPU
		{8BDB01BA-2E53-46A4-BD31-B4D2C06B5A83}.AppStore|iPhoneSimulator.Deploy.0 = Release|Any CPU
		{8BDB01BA-2E53-46A4-BD31-B4D2C06B5A83}.Debug|Any CPU.ActiveCfg = Debug|Any CPU
		{8BDB01BA-2E53-46A4-BD31-B4D2C06B5A83}.Debug|Any CPU.Build.0 = Debug|Any CPU
		{8BDB01BA-2E53-46A4-BD31-B4D2C06B5A83}.Debug|Any CPU.Deploy.0 = Debug|Any CPU
		{8BDB01BA-2E53-46A4-BD31-B4D2C06B5A83}.Debug|iPhone.ActiveCfg = Debug|Any CPU
		{8BDB01BA-2E53-46A4-BD31-B4D2C06B5A83}.Debug|iPhone.Build.0 = Debug|Any CPU
		{8BDB01BA-2E53-46A4-BD31-B4D2C06B5A83}.Debug|iPhone.Deploy.0 = Debug|Any CPU
		{8BDB01BA-2E53-46A4-BD31-B4D2C06B5A83}.Debug|iPhoneSimulator.ActiveCfg = Debug|Any CPU
		{8BDB01BA-2E53-46A4-BD31-B4D2C06B5A83}.Debug|iPhoneSimulator.Build.0 = Debug|Any CPU
		{8BDB01BA-2E53-46A4-BD31-B4D2C06B5A83}.Debug|iPhoneSimulator.Deploy.0 = Debug|Any CPU
		{8BDB01BA-2E53-46A4-BD31-B4D2C06B5A83}.Release|Any CPU.ActiveCfg = Release|Any CPU
		{8BDB01BA-2E53-46A4-BD31-B4D2C06B5A83}.Release|Any CPU.Build.0 = Release|Any CPU
		{8BDB01BA-2E53-46A4-BD31-B4D2C06B5A83}.Release|Any CPU.Deploy.0 = Release|Any CPU
		{8BDB01BA-2E53-46A4-BD31-B4D2C06B5A83}.Release|iPhone.ActiveCfg = Release|Any CPU
		{8BDB01BA-2E53-46A4-BD31-B4D2C06B5A83}.Release|iPhone.Build.0 = Release|Any CPU
		{8BDB01BA-2E53-46A4-BD31-B4D2C06B5A83}.Release|iPhone.Deploy.0 = Release|Any CPU
		{8BDB01BA-2E53-46A4-BD31-B4D2C06B5A83}.Release|iPhoneSimulator.ActiveCfg = Release|Any CPU
		{8BDB01BA-2E53-46A4-BD31-B4D2C06B5A83}.Release|iPhoneSimulator.Build.0 = Release|Any CPU
		{8BDB01BA-2E53-46A4-BD31-B4D2C06B5A83}.Release|iPhoneSimulator.Deploy.0 = Release|Any CPU
		{F048D83C-A68E-48DB-8BBD-08BF095F6AC9}.Ad-Hoc|Any CPU.ActiveCfg = Ad-Hoc|iPhone
		{F048D83C-A68E-48DB-8BBD-08BF095F6AC9}.Ad-Hoc|Any CPU.Build.0 = Ad-Hoc|iPhone
		{F048D83C-A68E-48DB-8BBD-08BF095F6AC9}.Ad-Hoc|Any CPU.Deploy.0 = Ad-Hoc|iPhone
		{F048D83C-A68E-48DB-8BBD-08BF095F6AC9}.Ad-Hoc|iPhone.ActiveCfg = Ad-Hoc|iPhone
		{F048D83C-A68E-48DB-8BBD-08BF095F6AC9}.Ad-Hoc|iPhone.Build.0 = Ad-Hoc|iPhone
		{F048D83C-A68E-48DB-8BBD-08BF095F6AC9}.Ad-Hoc|iPhone.Deploy.0 = Ad-Hoc|iPhone
		{F048D83C-A68E-48DB-8BBD-08BF095F6AC9}.Ad-Hoc|iPhoneSimulator.ActiveCfg = Ad-Hoc|iPhoneSimulator
		{F048D83C-A68E-48DB-8BBD-08BF095F6AC9}.Ad-Hoc|iPhoneSimulator.Build.0 = Ad-Hoc|iPhoneSimulator
		{F048D83C-A68E-48DB-8BBD-08BF095F6AC9}.Ad-Hoc|iPhoneSimulator.Deploy.0 = Ad-Hoc|iPhoneSimulator
		{F048D83C-A68E-48DB-8BBD-08BF095F6AC9}.AppStore|Any CPU.ActiveCfg = AppStore|iPhone
		{F048D83C-A68E-48DB-8BBD-08BF095F6AC9}.AppStore|Any CPU.Build.0 = AppStore|iPhone
		{F048D83C-A68E-48DB-8BBD-08BF095F6AC9}.AppStore|Any CPU.Deploy.0 = AppStore|iPhone
		{F048D83C-A68E-48DB-8BBD-08BF095F6AC9}.AppStore|iPhone.ActiveCfg = AppStore|iPhone
		{F048D83C-A68E-48DB-8BBD-08BF095F6AC9}.AppStore|iPhone.Build.0 = AppStore|iPhone
		{F048D83C-A68E-48DB-8BBD-08BF095F6AC9}.AppStore|iPhone.Deploy.0 = AppStore|iPhone
		{F048D83C-A68E-48DB-8BBD-08BF095F6AC9}.AppStore|iPhoneSimulator.ActiveCfg = AppStore|iPhoneSimulator
		{F048D83C-A68E-48DB-8BBD-08BF095F6AC9}.AppStore|iPhoneSimulator.Build.0 = AppStore|iPhoneSimulator
		{F048D83C-A68E-48DB-8BBD-08BF095F6AC9}.AppStore|iPhoneSimulator.Deploy.0 = AppStore|iPhoneSimulator
		{F048D83C-A68E-48DB-8BBD-08BF095F6AC9}.Debug|Any CPU.ActiveCfg = Debug|iPhoneSimulator
		{F048D83C-A68E-48DB-8BBD-08BF095F6AC9}.Debug|Any CPU.Build.0 = Debug|iPhoneSimulator
		{F048D83C-A68E-48DB-8BBD-08BF095F6AC9}.Debug|Any CPU.Deploy.0 = Debug|iPhoneSimulator
		{F048D83C-A68E-48DB-8BBD-08BF095F6AC9}.Debug|iPhone.ActiveCfg = Debug|iPhone
		{F048D83C-A68E-48DB-8BBD-08BF095F6AC9}.Debug|iPhone.Build.0 = Debug|iPhone
		{F048D83C-A68E-48DB-8BBD-08BF095F6AC9}.Debug|iPhone.Deploy.0 = Debug|iPhone
		{F048D83C-A68E-48DB-8BBD-08BF095F6AC9}.Debug|iPhoneSimulator.ActiveCfg = Debug|iPhoneSimulator
		{F048D83C-A68E-48DB-8BBD-08BF095F6AC9}.Debug|iPhoneSimulator.Build.0 = Debug|iPhoneSimulator
		{F048D83C-A68E-48DB-8BBD-08BF095F6AC9}.Debug|iPhoneSimulator.Deploy.0 = Debug|iPhoneSimulator
		{F048D83C-A68E-48DB-8BBD-08BF095F6AC9}.Release|Any CPU.ActiveCfg = Release|iPhone
		{F048D83C-A68E-48DB-8BBD-08BF095F6AC9}.Release|Any CPU.Build.0 = Release|iPhone
		{F048D83C-A68E-48DB-8BBD-08BF095F6AC9}.Release|Any CPU.Deploy.0 = Release|iPhone
		{F048D83C-A68E-48DB-8BBD-08BF095F6AC9}.Release|iPhone.ActiveCfg = Release|iPhone
		{F048D83C-A68E-48DB-8BBD-08BF095F6AC9}.Release|iPhone.Build.0 = Release|iPhone
		{F048D83C-A68E-48DB-8BBD-08BF095F6AC9}.Release|iPhone.Deploy.0 = Release|iPhone
		{F048D83C-A68E-48DB-8BBD-08BF095F6AC9}.Release|iPhoneSimulator.ActiveCfg = Release|iPhoneSimulator
		{F048D83C-A68E-48DB-8BBD-08BF095F6AC9}.Release|iPhoneSimulator.Build.0 = Release|iPhoneSimulator
		{F048D83C-A68E-48DB-8BBD-08BF095F6AC9}.Release|iPhoneSimulator.Deploy.0 = Release|iPhoneSimulator
		{1C4DADC0-2FC0-4859-AED5-79F67B652436}.Ad-Hoc|Any CPU.ActiveCfg = Debug|Any CPU
		{1C4DADC0-2FC0-4859-AED5-79F67B652436}.Ad-Hoc|Any CPU.Build.0 = Debug|Any CPU
		{1C4DADC0-2FC0-4859-AED5-79F67B652436}.Ad-Hoc|Any CPU.Deploy.0 = Debug|Any CPU
		{1C4DADC0-2FC0-4859-AED5-79F67B652436}.Ad-Hoc|iPhone.ActiveCfg = Debug|Any CPU
		{1C4DADC0-2FC0-4859-AED5-79F67B652436}.Ad-Hoc|iPhone.Build.0 = Debug|Any CPU
		{1C4DADC0-2FC0-4859-AED5-79F67B652436}.Ad-Hoc|iPhone.Deploy.0 = Debug|Any CPU
		{1C4DADC0-2FC0-4859-AED5-79F67B652436}.Ad-Hoc|iPhoneSimulator.ActiveCfg = Debug|Any CPU
		{1C4DADC0-2FC0-4859-AED5-79F67B652436}.Ad-Hoc|iPhoneSimulator.Build.0 = Debug|Any CPU
		{1C4DADC0-2FC0-4859-AED5-79F67B652436}.Ad-Hoc|iPhoneSimulator.Deploy.0 = Debug|Any CPU
		{1C4DADC0-2FC0-4859-AED5-79F67B652436}.AppStore|Any CPU.ActiveCfg = Debug|Any CPU
		{1C4DADC0-2FC0-4859-AED5-79F67B652436}.AppStore|Any CPU.Build.0 = Debug|Any CPU
		{1C4DADC0-2FC0-4859-AED5-79F67B652436}.AppStore|Any CPU.Deploy.0 = Debug|Any CPU
		{1C4DADC0-2FC0-4859-AED5-79F67B652436}.AppStore|iPhone.ActiveCfg = Debug|Any CPU
		{1C4DADC0-2FC0-4859-AED5-79F67B652436}.AppStore|iPhone.Build.0 = Debug|Any CPU
		{1C4DADC0-2FC0-4859-AED5-79F67B652436}.AppStore|iPhone.Deploy.0 = Debug|Any CPU
		{1C4DADC0-2FC0-4859-AED5-79F67B652436}.AppStore|iPhoneSimulator.ActiveCfg = Debug|Any CPU
		{1C4DADC0-2FC0-4859-AED5-79F67B652436}.AppStore|iPhoneSimulator.Build.0 = Debug|Any CPU
		{1C4DADC0-2FC0-4859-AED5-79F67B652436}.AppStore|iPhoneSimulator.Deploy.0 = Debug|Any CPU
		{1C4DADC0-2FC0-4859-AED5-79F67B652436}.Debug|Any CPU.ActiveCfg = Debug|Any CPU
		{1C4DADC0-2FC0-4859-AED5-79F67B652436}.Debug|Any CPU.Build.0 = Debug|Any CPU
		{1C4DADC0-2FC0-4859-AED5-79F67B652436}.Debug|Any CPU.Deploy.0 = Debug|Any CPU
		{1C4DADC0-2FC0-4859-AED5-79F67B652436}.Debug|iPhone.ActiveCfg = Debug|Any CPU
		{1C4DADC0-2FC0-4859-AED5-79F67B652436}.Debug|iPhone.Build.0 = Debug|Any CPU
		{1C4DADC0-2FC0-4859-AED5-79F67B652436}.Debug|iPhone.Deploy.0 = Debug|Any CPU
		{1C4DADC0-2FC0-4859-AED5-79F67B652436}.Debug|iPhoneSimulator.ActiveCfg = Debug|Any CPU
		{1C4DADC0-2FC0-4859-AED5-79F67B652436}.Debug|iPhoneSimulator.Build.0 = Debug|Any CPU
		{1C4DADC0-2FC0-4859-AED5-79F67B652436}.Debug|iPhoneSimulator.Deploy.0 = Debug|Any CPU
		{1C4DADC0-2FC0-4859-AED5-79F67B652436}.Release|Any CPU.ActiveCfg = Release|Any CPU
		{1C4DADC0-2FC0-4859-AED5-79F67B652436}.Release|Any CPU.Build.0 = Release|Any CPU
		{1C4DADC0-2FC0-4859-AED5-79F67B652436}.Release|Any CPU.Deploy.0 = Release|Any CPU
		{1C4DADC0-2FC0-4859-AED5-79F67B652436}.Release|iPhone.ActiveCfg = Release|Any CPU
		{1C4DADC0-2FC0-4859-AED5-79F67B652436}.Release|iPhone.Build.0 = Release|Any CPU
		{1C4DADC0-2FC0-4859-AED5-79F67B652436}.Release|iPhone.Deploy.0 = Release|Any CPU
		{1C4DADC0-2FC0-4859-AED5-79F67B652436}.Release|iPhoneSimulator.ActiveCfg = Release|Any CPU
		{1C4DADC0-2FC0-4859-AED5-79F67B652436}.Release|iPhoneSimulator.Build.0 = Release|Any CPU
		{1C4DADC0-2FC0-4859-AED5-79F67B652436}.Release|iPhoneSimulator.Deploy.0 = Release|Any CPU
	EndGlobalSection
	GlobalSection(SolutionProperties) = preSolution
		HideSolutionNode = FALSE
	EndGlobalSection
	GlobalSection(ExtensibilityGlobals) = postSolution
		SolutionGuid = {E988EA51-4348-442F-B6EC-E75D6985C89C}
	EndGlobalSection
EndGlobal
