
Microsoft Visual Studio Solution File, Format Version 12.00
# Visual Studio 15
VisualStudioVersion = 15.0.28307.136
MinimumVisualStudioVersion = 10.0.40219.1
Project("{9A19103F-16F7-4668-BE54-9A1E7A4F7556}") = "Unicab.Api", "Unicab.Api\Unicab.Api.csproj", "{BF6A0386-8C5D-49CA-88E5-6DBB24CF0D6F}"
EndProject
Project("{FAE04EC0-301F-11D3-BF4B-00C04F79EFBC}") = "Unicab.Api.Models", "Unicab.Api.Models\Unicab.Api.Models.csproj", "{0A4B1F4E-6974-4EDB-B441-A6360AEEABC0}"
EndProject
Global
	GlobalSection(SolutionConfigurationPlatforms) = preSolution
		Debug|Any CPU = Debug|Any CPU
		Release|Any CPU = Release|Any CPU
	EndGlobalSection
	GlobalSection(ProjectConfigurationPlatforms) = postSolution
		{BF6A0386-8C5D-49CA-88E5-6DBB24CF0D6F}.Debug|Any CPU.ActiveCfg = Debug|Any CPU
		{BF6A0386-8C5D-49CA-88E5-6DBB24CF0D6F}.Debug|Any CPU.Build.0 = Debug|Any CPU
		{BF6A0386-8C5D-49CA-88E5-6DBB24CF0D6F}.Release|Any CPU.ActiveCfg = Release|Any CPU
		{BF6A0386-8C5D-49CA-88E5-6DBB24CF0D6F}.Release|Any CPU.Build.0 = Release|Any CPU
		{0A4B1F4E-6974-4EDB-B441-A6360AEEABC0}.Debug|Any CPU.ActiveCfg = Debug|Any CPU
		{0A4B1F4E-6974-4EDB-B441-A6360AEEABC0}.Debug|Any CPU.Build.0 = Debug|Any CPU
		{0A4B1F4E-6974-4EDB-B441-A6360AEEABC0}.Release|Any CPU.ActiveCfg = Release|Any CPU
		{0A4B1F4E-6974-4EDB-B441-A6360AEEABC0}.Release|Any CPU.Build.0 = Release|Any CPU
	EndGlobalSection
	GlobalSection(SolutionProperties) = preSolution
		HideSolutionNode = FALSE
	EndGlobalSection
	GlobalSection(ExtensibilityGlobals) = postSolution
		SolutionGuid = {D096067F-6F23-473E-8DD0-B7105548A3E4}
	EndGlobalSection
EndGlobal
